
Microsoft Visual Studio Solution File, Format Version 12.00
# Visual Studio Version 16
VisualStudioVersion = 16.0.28803.156
MinimumVisualStudioVersion = 10.0.40219.1
Project("{9A19103F-16F7-4668-BE54-9A1E7A4F7556}") = "MyBlog", "MyBlog\MyBlog.csproj", "{4ECE29D6-7F8D-4811-A9B7-6DDB683406DB}"
EndProject
Global
	GlobalSection(SolutionConfigurationPlatforms) = preSolution
		Debug|Any CPU = Debug|Any CPU
		Release|Any CPU = Release|Any CPU
	EndGlobalSection
	GlobalSection(ProjectConfigurationPlatforms) = postSolution
		{4ECE29D6-7F8D-4811-A9B7-6DDB683406DB}.Debug|Any CPU.ActiveCfg = Debug|Any CPU
		{4ECE29D6-7F8D-4811-A9B7-6DDB683406DB}.Debug|Any CPU.Build.0 = Debug|Any CPU
		{4ECE29D6-7F8D-4811-A9B7-6DDB683406DB}.Release|Any CPU.ActiveCfg = Release|Any CPU
		{4ECE29D6-7F8D-4811-A9B7-6DDB683406DB}.Release|Any CPU.Build.0 = Release|Any CPU
	EndGlobalSection
	GlobalSection(SolutionProperties) = preSolution
		HideSolutionNode = FALSE
	EndGlobalSection
	GlobalSection(ExtensibilityGlobals) = postSolution
		SolutionGuid = {2D222C44-D826-4C40-B2C3-B2471A4F03FC}
	EndGlobalSection
EndGlobal
